
Microsoft Visual Studio Solution File, Format Version 12.00
# Visual Studio Version 16
VisualStudioVersion = 16.0.31702.278
MinimumVisualStudioVersion = 10.0.40219.1
Project("{FAE04EC0-301F-11D3-BF4B-00C04F79EFBC}") = "Redactor1", "Redactor1\Redactor1.csproj", "{EA519E1C-D3FB-4972-BC9C-3C6141B26150}"
EndProject
Global
	GlobalSection(SolutionConfigurationPlatforms) = preSolution
		Debug|Any CPU = Debug|Any CPU
		Release|Any CPU = Release|Any CPU
	EndGlobalSection
	GlobalSection(ProjectConfigurationPlatforms) = postSolution
		{EA519E1C-D3FB-4972-BC9C-3C6141B26150}.Debug|Any CPU.ActiveCfg = Debug|Any CPU
		{EA519E1C-D3FB-4972-BC9C-3C6141B26150}.Debug|Any CPU.Build.0 = Debug|Any CPU
		{EA519E1C-D3FB-4972-BC9C-3C6141B26150}.Release|Any CPU.ActiveCfg = Release|Any CPU
		{EA519E1C-D3FB-4972-BC9C-3C6141B26150}.Release|Any CPU.Build.0 = Release|Any CPU
	EndGlobalSection
	GlobalSection(SolutionProperties) = preSolution
		HideSolutionNode = FALSE
	EndGlobalSection
	GlobalSection(ExtensibilityGlobals) = postSolution
		SolutionGuid = {350BD5E1-CE9A-434F-880A-E6B21DFD75F1}
	EndGlobalSection
EndGlobal
